// !$*UTF8*$!
{
	archiveVersion = 1;
	classes = {
	};
	objectVersion = 50;
	objects = {

/* Begin PBXBuildFile section */
		349C7AB1267339B100EE7C3A /* AppDelegate.swift in Sources */ = {isa = PBXBuildFile; fileRef = 349C7AB0267339B100EE7C3A /* AppDelegate.swift */; };
		349C7AB3267339B100EE7C3A /* SceneDelegate.swift in Sources */ = {isa = PBXBuildFile; fileRef = 349C7AB2267339B100EE7C3A /* SceneDelegate.swift */; };
		349C7AB8267339B100EE7C3A /* Main.storyboard in Resources */ = {isa = PBXBuildFile; fileRef = 349C7AB6267339B100EE7C3A /* Main.storyboard */; };
		349C7ABA267339B300EE7C3A /* Assets.xcassets in Resources */ = {isa = PBXBuildFile; fileRef = 349C7AB9267339B300EE7C3A /* Assets.xcassets */; };
		349C7ABD267339B300EE7C3A /* LaunchScreen.storyboard in Resources */ = {isa = PBXBuildFile; fileRef = 349C7ABB267339B300EE7C3A /* LaunchScreen.storyboard */; };
		349C7AC526733A3800EE7C3A /* CollectionViewController.swift in Sources */ = {isa = PBXBuildFile; fileRef = 349C7AC426733A3800EE7C3A /* CollectionViewController.swift */; };
		349C7AC726733BF200EE7C3A /* CollectionViewCell.swift in Sources */ = {isa = PBXBuildFile; fileRef = 349C7AC626733BF200EE7C3A /* CollectionViewCell.swift */; };
		349C7AC926734ABE00EE7C3A /* Images.swift in Sources */ = {isa = PBXBuildFile; fileRef = 349C7AC826734ABE00EE7C3A /* Images.swift */; };
/* End PBXBuildFile section */

/* Begin PBXFileReference section */
		349C7AAD267339B100EE7C3A /* D03.app */ = {isa = PBXFileReference; explicitFileType = wrapper.application; includeInIndex = 0; path = D03.app; sourceTree = BUILT_PRODUCTS_DIR; };
		349C7AB0267339B100EE7C3A /* AppDelegate.swift */ = {isa = PBXFileReference; lastKnownFileType = sourcecode.swift; path = AppDelegate.swift; sourceTree = "<group>"; };
		349C7AB2267339B100EE7C3A /* SceneDelegate.swift */ = {isa = PBXFileReference; lastKnownFileType = sourcecode.swift; path = SceneDelegate.swift; sourceTree = "<group>"; };
		349C7AB7267339B100EE7C3A /* Base */ = {isa = PBXFileReference; lastKnownFileType = file.storyboard; name = Base; path = Base.lproj/Main.storyboard; sourceTree = "<group>"; };
		349C7AB9267339B300EE7C3A /* Assets.xcassets */ = {isa = PBXFileReference; lastKnownFileType = folder.assetcatalog; path = Assets.xcassets; sourceTree = "<group>"; };
		349C7ABC267339B300EE7C3A /* Base */ = {isa = PBXFileReference; lastKnownFileType = file.storyboard; name = Base; path = Base.lproj/LaunchScreen.storyboard; sourceTree = "<group>"; };
		349C7ABE267339B300EE7C3A /* Info.plist */ = {isa = PBXFileReference; lastKnownFileType = text.plist.xml; path = Info.plist; sourceTree = "<group>"; };
		349C7AC426733A3800EE7C3A /* CollectionViewController.swift */ = {isa = PBXFileReference; lastKnownFileType = sourcecode.swift; path = CollectionViewController.swift; sourceTree = "<group>"; };
		349C7AC626733BF200EE7C3A /* CollectionViewCell.swift */ = {isa = PBXFileReference; lastKnownFileType = sourcecode.swift; path = CollectionViewCell.swift; sourceTree = "<group>"; };
		349C7AC826734ABE00EE7C3A /* Images.swift */ = {isa = PBXFileReference; lastKnownFileType = sourcecode.swift; path = Images.swift; sourceTree = "<group>"; };
/* End PBXFileReference section */

/* Begin PBXFrameworksBuildPhase section */
		349C7AAA267339B100EE7C3A /* Frameworks */ = {
			isa = PBXFrameworksBuildPhase;
			buildActionMask = 2147483647;
			files = (
			);
			runOnlyForDeploymentPostprocessing = 0;
		};
/* End PBXFrameworksBuildPhase section */

/* Begin PBXGroup section */
		349C7AA4267339B100EE7C3A = {
			isa = PBXGroup;
			children = (
				349C7AAF267339B100EE7C3A /* D03 */,
				349C7AAE267339B100EE7C3A /* Products */,
			);
			sourceTree = "<group>";
		};
		349C7AAE267339B100EE7C3A /* Products */ = {
			isa = PBXGroup;
			children = (
				349C7AAD267339B100EE7C3A /* D03.app */,
			);
			name = Products;
			sourceTree = "<group>";
		};
		349C7AAF267339B100EE7C3A /* D03 */ = {
			isa = PBXGroup;
			children = (
				349C7AB0267339B100EE7C3A /* AppDelegate.swift */,
				349C7AB2267339B100EE7C3A /* SceneDelegate.swift */,
				349C7AB6267339B100EE7C3A /* Main.storyboard */,
				349C7AB9267339B300EE7C3A /* Assets.xcassets */,
				349C7ABB267339B300EE7C3A /* LaunchScreen.storyboard */,
				349C7ABE267339B300EE7C3A /* Info.plist */,
				349C7AC426733A3800EE7C3A /* CollectionViewController.swift */,
				349C7AC626733BF200EE7C3A /* CollectionViewCell.swift */,
				349C7AC826734ABE00EE7C3A /* Images.swift */,
			);
			path = D03;
			sourceTree = "<group>";
		};
/* End PBXGroup section */

/* Begin PBXNativeTarget section */
		349C7AAC267339B100EE7C3A /* D03 */ = {
			isa = PBXNativeTarget;
			buildConfigurationList = 349C7AC1267339B300EE7C3A /* Build configuration list for PBXNativeTarget "D03" */;
			buildPhases = (
				349C7AA9267339B100EE7C3A /* Sources */,
				349C7AAA267339B100EE7C3A /* Frameworks */,
				349C7AAB267339B100EE7C3A /* Resources */,
			);
			buildRules = (
			);
			dependencies = (
			);
			name = D03;
			productName = D03;
			productReference = 349C7AAD267339B100EE7C3A /* D03.app */;
			productType = "com.apple.product-type.application";
		};
/* End PBXNativeTarget section */

/* Begin PBXProject section */
		349C7AA5267339B100EE7C3A /* Project object */ = {
			isa = PBXProject;
			attributes = {
				LastSwiftUpdateCheck = 1130;
				LastUpgradeCheck = 1130;
				ORGANIZATIONNAME = "Jochum Wilen";
				TargetAttributes = {
					349C7AAC267339B100EE7C3A = {
						CreatedOnToolsVersion = 11.3.1;
					};
				};
			};
			buildConfigurationList = 349C7AA8267339B100EE7C3A /* Build configuration list for PBXProject "D03" */;
			compatibilityVersion = "Xcode 9.3";
			developmentRegion = en;
			hasScannedForEncodings = 0;
			knownRegions = (
				en,
				Base,
			);
			mainGroup = 349C7AA4267339B100EE7C3A;
			productRefGroup = 349C7AAE267339B100EE7C3A /* Products */;
			projectDirPath = "";
			projectRoot = "";
			targets = (
				349C7AAC267339B100EE7C3A /* D03 */,
			);
		};
/* End PBXProject section */

/* Begin PBXResourcesBuildPhase section */
		349C7AAB267339B100EE7C3A /* Resources */ = {
			isa = PBXResourcesBuildPhase;
			buildActionMask = 2147483647;
			files = (
				349C7ABD267339B300EE7C3A /* LaunchScreen.storyboard in Resources */,
				349C7ABA267339B300EE7C3A /* Assets.xcassets in Resources */,
				349C7AB8267339B100EE7C3A /* Main.storyboard in Resources */,
			);
			runOnlyForDeploymentPostprocessing = 0;
		};
/* End PBXResourcesBuildPhase section */

/* Begin PBXSourcesBuildPhase section */
		349C7AA9267339B100EE7C3A /* Sources */ = {
			isa = PBXSourcesBuildPhase;
			buildActionMask = 2147483647;
			files = (
				349C7AC526733A3800EE7C3A /* CollectionViewController.swift in Sources */,
				349C7AB1267339B100EE7C3A /* AppDelegate.swift in Sources */,
				349C7AC926734ABE00EE7C3A /* Images.swift in Sources */,
				349C7AC726733BF200EE7C3A /* CollectionViewCell.swift in Sources */,
				349C7AB3267339B100EE7C3A /* SceneDelegate.swift in Sources */,
			);
			runOnlyForDeploymentPostprocessing = 0;
		};
/* End PBXSourcesBuildPhase section */

/* Begin PBXVariantGroup section */
		349C7AB6267339B100EE7C3A /* Main.storyboard */ = {
			isa = PBXVariantGroup;
			children = (
				349C7AB7267339B100EE7C3A /* Base */,
			);
			name = Main.storyboard;
			sourceTree = "<group>";
		};
		349C7ABB267339B300EE7C3A /* LaunchScreen.storyboard */ = {
			isa = PBXVariantGroup;
			children = (
				349C7ABC267339B300EE7C3A /* Base */,
			);
			name = LaunchScreen.storyboard;
			sourceTree = "<group>";
		};
/* End PBXVariantGroup section */

/* Begin XCBuildConfiguration section */
		349C7ABF267339B300EE7C3A /* Debug */ = {
			isa = XCBuildConfiguration;
			buildSettings = {
				ALWAYS_SEARCH_USER_PATHS = NO;
				CLANG_ANALYZER_NONNULL = YES;
				CLANG_ANALYZER_NUMBER_OBJECT_CONVERSION = YES_AGGRESSIVE;
				CLANG_CXX_LANGUAGE_STANDARD = "gnu++14";
				CLANG_CXX_LIBRARY = "libc++";
				CLANG_ENABLE_MODULES = YES;
				CLANG_ENABLE_OBJC_ARC = YES;
				CLANG_ENABLE_OBJC_WEAK = YES;
				CLANG_WARN_BLOCK_CAPTURE_AUTORELEASING = YES;
				CLANG_WARN_BOOL_CONVERSION = YES;
				CLANG_WARN_COMMA = YES;
				CLANG_WARN_CONSTANT_CONVERSION = YES;
				CLANG_WARN_DEPRECATED_OBJC_IMPLEMENTATIONS = YES;
				CLANG_WARN_DIRECT_OBJC_ISA_USAGE = YES_ERROR;
				CLANG_WARN_DOCUMENTATION_COMMENTS = YES;
				CLANG_WARN_EMPTY_BODY = YES;
				CLANG_WARN_ENUM_CONVERSION = YES;
				CLANG_WARN_INFINITE_RECURSION = YES;
				CLANG_WARN_INT_CONVERSION = YES;
				CLANG_WARN_NON_LITERAL_NULL_CONVERSION = YES;
				CLANG_WARN_OBJC_IMPLICIT_RETAIN_SELF = YES;
				CLANG_WARN_OBJC_LITERAL_CONVERSION = YES;
				CLANG_WARN_OBJC_ROOT_CLASS = YES_ERROR;
				CLANG_WARN_RANGE_LOOP_ANALYSIS = YES;
				CLANG_WARN_STRICT_PROTOTYPES = YES;
				CLANG_WARN_SUSPICIOUS_MOVE = YES;
				CLANG_WARN_UNGUARDED_AVAILABILITY = YES_AGGRESSIVE;
				CLANG_WARN_UNREACHABLE_CODE = YES;
				CLANG_WARN__DUPLICATE_METHOD_MATCH = YES;
				COPY_PHASE_STRIP = NO;
				DEBUG_INFORMATION_FORMAT = dwarf;
				ENABLE_STRICT_OBJC_MSGSEND = YES;
				ENABLE_TESTABILITY = YES;
				GCC_C_LANGUAGE_STANDARD = gnu11;
				GCC_DYNAMIC_NO_PIC = NO;
				GCC_NO_COMMON_BLOCKS = YES;
				GCC_OPTIMIZATION_LEVEL = 0;
				GCC_PREPROCESSOR_DEFINITIONS = (
					"DEBUG=1",
					"$(inherited)",
				);
				GCC_WARN_64_TO_32_BIT_CONVERSION = YES;
				GCC_WARN_ABOUT_RETURN_TYPE = YES_ERROR;
				GCC_WARN_UNDECLARED_SELECTOR = YES;
				GCC_WARN_UNINITIALIZED_AUTOS = YES_AGGRESSIVE;
				GCC_WARN_UNUSED_FUNCTION = YES;
				GCC_WARN_UNUSED_VARIABLE = YES;
				IPHONEOS_DEPLOYMENT_TARGET = 13.2;
				MTL_ENABLE_DEBUG_INFO = INCLUDE_SOURCE;
				MTL_FAST_MATH = YES;
				ONLY_ACTIVE_ARCH = YES;
				SDKROOT = iphoneos;
				SWIFT_ACTIVE_COMPILATION_CONDITIONS = DEBUG;
				SWIFT_OPTIMIZATION_LEVEL = "-Onone";
			};
			name = Debug;
		};
		349C7AC0267339B300EE7C3A /* Release */ = {
			isa = XCBuildConfiguration;
			buildSettings = {
				ALWAYS_SEARCH_USER_PATHS = NO;
				CLANG_ANALYZER_NONNULL = YES;
				CLANG_ANALYZER_NUMBER_OBJECT_CONVERSION = YES_AGGRESSIVE;
				CLANG_CXX_LANGUAGE_STANDARD = "gnu++14";
				CLANG_CXX_LIBRARY = "libc++";
				CLANG_ENABLE_MODULES = YES;
				CLANG_ENABLE_OBJC_ARC = YES;
				CLANG_ENABLE_OBJC_WEAK = YES;
				CLANG_WARN_BLOCK_CAPTURE_AUTORELEASING = YES;
				CLANG_WARN_BOOL_CONVERSION = YES;
				CLANG_WARN_COMMA = YES;
				CLANG_WARN_CONSTANT_CONVERSION = YES;
				CLANG_WARN_DEPRECATED_OBJC_IMPLEMENTATIONS = YES;
				CLANG_WARN_DIRECT_OBJC_ISA_USAGE = YES_ERROR;
				CLANG_WARN_DOCUMENTATION_COMMENTS = YES;
				CLANG_WARN_EMPTY_BODY = YES;
				CLANG_WARN_ENUM_CONVERSION = YES;
				CLANG_WARN_INFINITE_RECURSION = YES;
				CLANG_WARN_INT_CONVERSION = YES;
				CLANG_WARN_NON_LITERAL_NULL_CONVERSION = YES;
				CLANG_WARN_OBJC_IMPLICIT_RETAIN_SELF = YES;
				CLANG_WARN_OBJC_LITERAL_CONVERSION = YES;
				CLANG_WARN_OBJC_ROOT_CLASS = YES_ERROR;
				CLANG_WARN_RANGE_LOOP_ANALYSIS = YES;
				CLANG_WARN_STRICT_PROTOTYPES = YES;
				CLANG_WARN_SUSPICIOUS_MOVE = YES;
				CLANG_WARN_UNGUARDED_AVAILABILITY = YES_AGGRESSIVE;
				CLANG_WARN_UNREACHABLE_CODE = YES;
				CLANG_WARN__DUPLICATE_METHOD_MATCH = YES;
				COPY_PHASE_STRIP = NO;
				DEBUG_INFORMATION_FORMAT = "dwarf-with-dsym";
				ENABLE_NS_ASSERTIONS = NO;
				ENABLE_STRICT_OBJC_MSGSEND = YES;
				GCC_C_LANGUAGE_STANDARD = gnu11;
				GCC_NO_COMMON_BLOCKS = YES;
				GCC_WARN_64_TO_32_BIT_CONVERSION = YES;
				GCC_WARN_ABOUT_RETURN_TYPE = YES_ERROR;
				GCC_WARN_UNDECLARED_SELECTOR = YES;
				GCC_WARN_UNINITIALIZED_AUTOS = YES_AGGRESSIVE;
				GCC_WARN_UNUSED_FUNCTION = YES;
				GCC_WARN_UNUSED_VARIABLE = YES;
				IPHONEOS_DEPLOYMENT_TARGET = 13.2;
				MTL_ENABLE_DEBUG_INFO = NO;
				MTL_FAST_MATH = YES;
				SDKROOT = iphoneos;
				SWIFT_COMPILATION_MODE = wholemodule;
				SWIFT_OPTIMIZATION_LEVEL = "-O";
				VALIDATE_PRODUCT = YES;
			};
			name = Release;
		};
		349C7AC2267339B300EE7C3A /* Debug */ = {
			isa = XCBuildConfiguration;
			buildSettings = {
				ASSETCATALOG_COMPILER_APPICON_NAME = AppIcon;
				CODE_SIGN_STYLE = Automatic;
				DEVELOPMENT_TEAM = TH46X8H55B;
				INFOPLIST_FILE = D03/Info.plist;
				LD_RUNPATH_SEARCH_PATHS = (
					"$(inherited)",
					"@executable_path/Frameworks",
				);
				PRODUCT_BUNDLE_IDENTIFIER = jwi.D03;
				PRODUCT_NAME = "$(TARGET_NAME)";
				SWIFT_VERSION = 5.0;
				TARGETED_DEVICE_FAMILY = "1,2";
			};
			name = Debug;
		};
		349C7AC3267339B300EE7C3A /* Release */ = {
			isa = XCBuildConfiguration;
			buildSettings = {
				ASSETCATALOG_COMPILER_APPICON_NAME = AppIcon;
				CODE_SIGN_STYLE = Automatic;
				DEVELOPMENT_TEAM = TH46X8H55B;
				INFOPLIST_FILE = D03/Info.plist;
				LD_RUNPATH_SEARCH_PATHS = (
					"$(inherited)",
					"@executable_path/Frameworks",
				);
				PRODUCT_BUNDLE_IDENTIFIER = jwi.D03;
				PRODUCT_NAME = "$(TARGET_NAME)";
				SWIFT_VERSION = 5.0;
				TARGETED_DEVICE_FAMILY = "1,2";
			};
			name = Release;
		};
/* End XCBuildConfiguration section */

/* Begin XCConfigurationList section */
		349C7AA8267339B100EE7C3A /* Build configuration list for PBXProject "D03" */ = {
			isa = XCConfigurationList;
			buildConfigurations = (
				349C7ABF267339B300EE7C3A /* Debug */,
				349C7AC0267339B300EE7C3A /* Release */,
			);
			defaultConfigurationIsVisible = 0;
			defaultConfigurationName = Release;
		};
		349C7AC1267339B300EE7C3A /* Build configuration list for PBXNativeTarget "D03" */ = {
			isa = XCConfigurationList;
			buildConfigurations = (
				349C7AC2267339B300EE7C3A /* Debug */,
				349C7AC3267339B300EE7C3A /* Release */,
			);
			defaultConfigurationIsVisible = 0;
			defaultConfigurationName = Release;
		};
/* End XCConfigurationList section */
	};
	rootObject = 349C7AA5267339B100EE7C3A /* Project object */;
}
